
Microsoft Visual Studio Solution File, Format Version 12.00
# Visual Studio Version 17
VisualStudioVersion = 17.0.32014.148
MinimumVisualStudioVersion = 10.0.40219.1
Project("{9A19103F-16F7-4668-BE54-9A1E7A4F7556}") = "IntegerSortWebApp", "IntegerSortWebApp\IntegerSortWebApp.csproj", "{7F279121-89F2-4D10-A1BF-923B272A544A}"
EndProject
Project("{9A19103F-16F7-4668-BE54-9A1E7A4F7556}") = "IntegerSortWebAppTest", "IntegerSortWebAppTest\IntegerSortWebAppTest.csproj", "{5A8058F8-41B9-4532-8181-91B33C59F57C}"
EndProject
Global
	GlobalSection(SolutionConfigurationPlatforms) = preSolution
		Debug|Any CPU = Debug|Any CPU
		Release|Any CPU = Release|Any CPU
	EndGlobalSection
	GlobalSection(ProjectConfigurationPlatforms) = postSolution
		{7F279121-89F2-4D10-A1BF-923B272A544A}.Debug|Any CPU.ActiveCfg = Debug|Any CPU
		{7F279121-89F2-4D10-A1BF-923B272A544A}.Debug|Any CPU.Build.0 = Debug|Any CPU
		{7F279121-89F2-4D10-A1BF-923B272A544A}.Release|Any CPU.ActiveCfg = Release|Any CPU
		{7F279121-89F2-4D10-A1BF-923B272A544A}.Release|Any CPU.Build.0 = Release|Any CPU
		{5A8058F8-41B9-4532-8181-91B33C59F57C}.Debug|Any CPU.ActiveCfg = Debug|Any CPU
		{5A8058F8-41B9-4532-8181-91B33C59F57C}.Debug|Any CPU.Build.0 = Debug|Any CPU
		{5A8058F8-41B9-4532-8181-91B33C59F57C}.Release|Any CPU.ActiveCfg = Release|Any CPU
		{5A8058F8-41B9-4532-8181-91B33C59F57C}.Release|Any CPU.Build.0 = Release|Any CPU
	EndGlobalSection
	GlobalSection(SolutionProperties) = preSolution
		HideSolutionNode = FALSE
	EndGlobalSection
	GlobalSection(ExtensibilityGlobals) = postSolution
		SolutionGuid = {1A03F728-51A8-442B-80C9-0902570129FC}
	EndGlobalSection
EndGlobal
